
Microsoft Visual Studio Solution File, Format Version 12.00
# Visual Studio Version 17
VisualStudioVersion = 17.10.35013.160
MinimumVisualStudioVersion = 10.0.40219.1
Project("{2150E333-8FDC-42A3-9474-1A3956D46DE8}") = "Task0", "Task0", "{C4D0F6E5-1817-4617-9A99-703E08DF6F1A}"
EndProject
Project("{FAE04EC0-301F-11D3-BF4B-00C04F79EFBC}") = "Tyuiu.AntonovNS.Sprint0.Task0.V0", "Tyuiu.AntonovNS.Sprint0.Task0.V0\Tyuiu.AntonovNS.Sprint0.Task0.V0.csproj", "{DDA62C61-7ADF-4C91-BED5-13A25767D800}"
EndProject
Project("{2150E333-8FDC-42A3-9474-1A3956D46DE8}") = "Task1", "Task1", "{F18EC87E-FBFD-451D-B3DD-D7897863E8DF}"
EndProject
Project("{FAE04EC0-301F-11D3-BF4B-00C04F79EFBC}") = "Tyuiu.AntonovNS.Sprint0.Task1.V0", "Tyuiu.AntonovNS.Sprint0.Task1.V0\Tyuiu.AntonovNS.Sprint0.Task1.V0.csproj", "{86043B54-C0C1-4FA7-BA11-3F3548402D1C}"
EndProject
Project("{2150E333-8FDC-42A3-9474-1A3956D46DE8}") = "Task2", "Task2", "{BB016560-1E28-4175-98A5-5E574C1041A7}"
EndProject
Project("{FAE04EC0-301F-11D3-BF4B-00C04F79EFBC}") = "Tyuiu.AntonovNS.Sprint0.Task2.V0", "Tyuiu.AntonovNS.Sprint0.Task2.V0\Tyuiu.AntonovNS.Sprint0.Task2.V0.csproj", "{B4CC734D-5922-48F0-BAD4-BE79E6854819}"
EndProject
Project("{FAE04EC0-301F-11D3-BF4B-00C04F79EFBC}") = "Tyuiu.AntonovNS.Sprint0.Task2.V0.Lib", "Tyuiu.AntonovNS.Sprint0.Task2.V0.Lib\Tyuiu.AntonovNS.Sprint0.Task2.V0.Lib.csproj", "{11F34B04-2CF9-486E-BA64-715EE46DFD7D}"
EndProject
Project("{FAE04EC0-301F-11D3-BF4B-00C04F79EFBC}") = "Tyuiu.AntonovNS.Sprint0.Task2.V0.Test", "Tyuiu.AntonovNS.Sprint0.Task2.V0.Test\Tyuiu.AntonovNS.Sprint0.Task2.V0.Test.csproj", "{703B8670-E59E-421C-BD14-4EE084FD4CCA}"
EndProject
Project("{2150E333-8FDC-42A3-9474-1A3956D46DE8}") = "Task3", "Task3", "{83CE0A66-4EF2-49EB-9389-CCFFDA80E0DD}"
EndProject
Project("{FAE04EC0-301F-11D3-BF4B-00C04F79EFBC}") = "Tyuiu.AntonovNS.Sprint0.Task3.V0", "Tyuiu.AntonovNS.Sprint0.Task3.V0\Tyuiu.AntonovNS.Sprint0.Task3.V0.csproj", "{7C0A824F-33E0-4EAA-B02A-38AADFB0E5E6}"
EndProject
Project("{FAE04EC0-301F-11D3-BF4B-00C04F79EFBC}") = "Tyuiu.AntonovNS.Sprint0.Task3.V0.Lib", "Tyuiu.AntonovNS.Sprint0.Task3.V0.Lib\Tyuiu.AntonovNS.Sprint0.Task3.V0.Lib.csproj", "{0AECA5BE-596E-4550-A32E-01366914D360}"
EndProject
Project("{FAE04EC0-301F-11D3-BF4B-00C04F79EFBC}") = "Tyuiu.AntonovNS.Sprint0.Task3.V0.Test", "Tyuiu.AntonovNS.Sprint0.Task3.V0.Test\Tyuiu.AntonovNS.Sprint0.Task3.V0.Test.csproj", "{49757586-1685-49E2-8878-47020BFA7E4B}"
EndProject
Global
	GlobalSection(SolutionConfigurationPlatforms) = preSolution
		Debug|Any CPU = Debug|Any CPU
		Release|Any CPU = Release|Any CPU
	EndGlobalSection
	GlobalSection(ProjectConfigurationPlatforms) = postSolution
		{DDA62C61-7ADF-4C91-BED5-13A25767D800}.Debug|Any CPU.ActiveCfg = Debug|Any CPU
		{DDA62C61-7ADF-4C91-BED5-13A25767D800}.Debug|Any CPU.Build.0 = Debug|Any CPU
		{DDA62C61-7ADF-4C91-BED5-13A25767D800}.Release|Any CPU.ActiveCfg = Release|Any CPU
		{DDA62C61-7ADF-4C91-BED5-13A25767D800}.Release|Any CPU.Build.0 = Release|Any CPU
		{86043B54-C0C1-4FA7-BA11-3F3548402D1C}.Debug|Any CPU.ActiveCfg = Debug|Any CPU
		{86043B54-C0C1-4FA7-BA11-3F3548402D1C}.Debug|Any CPU.Build.0 = Debug|Any CPU
		{86043B54-C0C1-4FA7-BA11-3F3548402D1C}.Release|Any CPU.ActiveCfg = Release|Any CPU
		{86043B54-C0C1-4FA7-BA11-3F3548402D1C}.Release|Any CPU.Build.0 = Release|Any CPU
		{B4CC734D-5922-48F0-BAD4-BE79E6854819}.Debug|Any CPU.ActiveCfg = Debug|Any CPU
		{B4CC734D-5922-48F0-BAD4-BE79E6854819}.Debug|Any CPU.Build.0 = Debug|Any CPU
		{B4CC734D-5922-48F0-BAD4-BE79E6854819}.Release|Any CPU.ActiveCfg = Release|Any CPU
		{B4CC734D-5922-48F0-BAD4-BE79E6854819}.Release|Any CPU.Build.0 = Release|Any CPU
		{11F34B04-2CF9-486E-BA64-715EE46DFD7D}.Debug|Any CPU.ActiveCfg = Debug|Any CPU
		{11F34B04-2CF9-486E-BA64-715EE46DFD7D}.Debug|Any CPU.Build.0 = Debug|Any CPU
		{11F34B04-2CF9-486E-BA64-715EE46DFD7D}.Release|Any CPU.ActiveCfg = Release|Any CPU
		{11F34B04-2CF9-486E-BA64-715EE46DFD7D}.Release|Any CPU.Build.0 = Release|Any CPU
		{703B8670-E59E-421C-BD14-4EE084FD4CCA}.Debug|Any CPU.ActiveCfg = Debug|Any CPU
		{703B8670-E59E-421C-BD14-4EE084FD4CCA}.Debug|Any CPU.Build.0 = Debug|Any CPU
		{703B8670-E59E-421C-BD14-4EE084FD4CCA}.Release|Any CPU.ActiveCfg = Release|Any CPU
		{703B8670-E59E-421C-BD14-4EE084FD4CCA}.Release|Any CPU.Build.0 = Release|Any CPU
		{7C0A824F-33E0-4EAA-B02A-38AADFB0E5E6}.Debug|Any CPU.ActiveCfg = Debug|Any CPU
		{7C0A824F-33E0-4EAA-B02A-38AADFB0E5E6}.Debug|Any CPU.Build.0 = Debug|Any CPU
		{7C0A824F-33E0-4EAA-B02A-38AADFB0E5E6}.Release|Any CPU.ActiveCfg = Release|Any CPU
		{7C0A824F-33E0-4EAA-B02A-38AADFB0E5E6}.Release|Any CPU.Build.0 = Release|Any CPU
		{0AECA5BE-596E-4550-A32E-01366914D360}.Debug|Any CPU.ActiveCfg = Debug|Any CPU
		{0AECA5BE-596E-4550-A32E-01366914D360}.Debug|Any CPU.Build.0 = Debug|Any CPU
		{0AECA5BE-596E-4550-A32E-01366914D360}.Release|Any CPU.ActiveCfg = Release|Any CPU
		{0AECA5BE-596E-4550-A32E-01366914D360}.Release|Any CPU.Build.0 = Release|Any CPU
		{49757586-1685-49E2-8878-47020BFA7E4B}.Debug|Any CPU.ActiveCfg = Debug|Any CPU
		{49757586-1685-49E2-8878-47020BFA7E4B}.Debug|Any CPU.Build.0 = Debug|Any CPU
		{49757586-1685-49E2-8878-47020BFA7E4B}.Release|Any CPU.ActiveCfg = Release|Any CPU
		{49757586-1685-49E2-8878-47020BFA7E4B}.Release|Any CPU.Build.0 = Release|Any CPU
	EndGlobalSection
	GlobalSection(SolutionProperties) = preSolution
		HideSolutionNode = FALSE
	EndGlobalSection
	GlobalSection(NestedProjects) = preSolution
		{DDA62C61-7ADF-4C91-BED5-13A25767D800} = {C4D0F6E5-1817-4617-9A99-703E08DF6F1A}
		{86043B54-C0C1-4FA7-BA11-3F3548402D1C} = {F18EC87E-FBFD-451D-B3DD-D7897863E8DF}
		{B4CC734D-5922-48F0-BAD4-BE79E6854819} = {BB016560-1E28-4175-98A5-5E574C1041A7}
		{11F34B04-2CF9-486E-BA64-715EE46DFD7D} = {BB016560-1E28-4175-98A5-5E574C1041A7}
		{703B8670-E59E-421C-BD14-4EE084FD4CCA} = {BB016560-1E28-4175-98A5-5E574C1041A7}
		{7C0A824F-33E0-4EAA-B02A-38AADFB0E5E6} = {83CE0A66-4EF2-49EB-9389-CCFFDA80E0DD}
		{0AECA5BE-596E-4550-A32E-01366914D360} = {83CE0A66-4EF2-49EB-9389-CCFFDA80E0DD}
		{49757586-1685-49E2-8878-47020BFA7E4B} = {83CE0A66-4EF2-49EB-9389-CCFFDA80E0DD}
	EndGlobalSection
	GlobalSection(ExtensibilityGlobals) = postSolution
		SolutionGuid = {B12DC409-3956-4E4F-A05D-B308A2C56AC1}
	EndGlobalSection
EndGlobal
