
Microsoft Visual Studio Solution File, Format Version 12.00
# Visual Studio Version 17
VisualStudioVersion = 17.10.35013.160
MinimumVisualStudioVersion = 10.0.40219.1
Project("{2150E333-8FDC-42A3-9474-1A3956D46DE8}") = "Task0", "Task0", "{C4D0F6E5-1817-4617-9A99-703E08DF6F1A}"
EndProject
Project("{FAE04EC0-301F-11D3-BF4B-00C04F79EFBC}") = "Tyuiu.AntonovNS.Sprint0.Task0.V0", "Tyuiu.AntonovNS.Sprint0.Task0.V0\Tyuiu.AntonovNS.Sprint0.Task0.V0.csproj", "{DDA62C61-7ADF-4C91-BED5-13A25767D800}"
EndProject
Project("{2150E333-8FDC-42A3-9474-1A3956D46DE8}") = "Task1", "Task1", "{F18EC87E-FBFD-451D-B3DD-D7897863E8DF}"
EndProject
Project("{FAE04EC0-301F-11D3-BF4B-00C04F79EFBC}") = "Tyuiu.AntonovNS.Sprint0.Task1.V0", "Tyuiu.AntonovNS.Sprint0.Task1.V0\Tyuiu.AntonovNS.Sprint0.Task1.V0.csproj", "{86043B54-C0C1-4FA7-BA11-3F3548402D1C}"
EndProject
Project("{2150E333-8FDC-42A3-9474-1A3956D46DE8}") = "Task2", "Task2", "{BB016560-1E28-4175-98A5-5E574C1041A7}"
EndProject
Project("{FAE04EC0-301F-11D3-BF4B-00C04F79EFBC}") = "Tyuiu.AntonovNS.Sprint0.Task2.V0", "Tyuiu.AntonovNS.Sprint0.Task2.V0\Tyuiu.AntonovNS.Sprint0.Task2.V0.csproj", "{B4CC734D-5922-48F0-BAD4-BE79E6854819}"
EndProject
Project("{FAE04EC0-301F-11D3-BF4B-00C04F79EFBC}") = "Tyuiu.AntonovNS.Sprint0.Task2.V0.Lib", "Tyuiu.AntonovNS.Sprint0.Task2.V0.Lib\Tyuiu.AntonovNS.Sprint0.Task2.V0.Lib.csproj", "{11F34B04-2CF9-486E-BA64-715EE46DFD7D}"
EndProject
Project("{FAE04EC0-301F-11D3-BF4B-00C04F79EFBC}") = "Tyuiu.AntonovNS.Sprint0.Task2.V0.Test", "Tyuiu.AntonovNS.Sprint0.Task2.V0.Test\Tyuiu.AntonovNS.Sprint0.Task2.V0.Test.csproj", "{703B8670-E59E-421C-BD14-4EE084FD4CCA}"
EndProject
Project("{2150E333-8FDC-42A3-9474-1A3956D46DE8}") = "Task3", "Task3", "{83CE0A66-4EF2-49EB-9389-CCFFDA80E0DD}"
EndProject
Project("{FAE04EC0-301F-11D3-BF4B-00C04F79EFBC}") = "Tyuiu.AntonovNS.Sprint0.Task3.V0", "Tyuiu.AntonovNS.Sprint0.Task3.V0\Tyuiu.AntonovNS.Sprint0.Task3.V0.csproj", "{7C0A824F-33E0-4EAA-B02A-38AADFB0E5E6}"
EndProject
Project("{FAE04EC0-301F-11D3-BF4B-00C04F79EFBC}") = "Tyuiu.AntonovNS.Sprint0.Task3.V0.Lib", "Tyuiu.AntonovNS.Sprint0.Task3.V0.Lib\Tyuiu.AntonovNS.Sprint0.Task3.V0.Lib.csproj", "{0AECA5BE-596E-4550-A32E-01366914D360}"
EndProject
Project("{FAE04EC0-301F-11D3-BF4B-00C04F79EFBC}") = "Tyuiu.AntonovNS.Sprint0.Task3.V0.Test", "Tyuiu.AntonovNS.Sprint0.Task3.V0.Test\Tyuiu.AntonovNS.Sprint0.Task3.V0.Test.csproj", "{49757586-1685-49E2-8878-47020BFA7E4B}"
EndProject
Project("{2150E333-8FDC-42A3-9474-1A3956D46DE8}") = "Task4", "Task4", "{75B68F5C-2196-4B9C-BBBD-20890C3D3153}"
EndProject
Project("{FAE04EC0-301F-11D3-BF4B-00C04F79EFBC}") = "Tyuiu.AntonovNS.Sprint0.Task4.V0", "Tyuiu.AntonovNS.Sprint0.Task4.V0\Tyuiu.AntonovNS.Sprint0.Task4.V0.csproj", "{69B89D79-2CB9-441D-93D2-D26008ED87C3}"
EndProject
Project("{FAE04EC0-301F-11D3-BF4B-00C04F79EFBC}") = "Tyuiu.AntonovNS.Sprint0.Task4.V0.Test", "Tyuiu.AntonovNS.Sprint0.Task4.V0.Test\Tyuiu.AntonovNS.Sprint0.Task4.V0.Test.csproj", "{FA35CA9F-1F56-4036-8B24-E69633566F29}"
EndProject
Project("{FAE04EC0-301F-11D3-BF4B-00C04F79EFBC}") = "Tyuiu.AntonovNS.Sprint0.Task4.V0.Lib", "Tyuiu.AntonovNS.Sprint0.Task4.V0.Lib\Tyuiu.AntonovNS.Sprint0.Task4.V0.Lib.csproj", "{7C04A7A6-3D6A-416C-8B43-41C9A0DC5991}"
EndProject
Project("{2150E333-8FDC-42A3-9474-1A3956D46DE8}") = "Task5", "Task5", "{07892F99-E3A4-4ADF-A495-64CD57DC6175}"
EndProject
Project("{FAE04EC0-301F-11D3-BF4B-00C04F79EFBC}") = "Tyuiu.AntonovNS.Sprint0.Task5.V0", "Tyuiu.AntonovNS.Sprint0.Task5.V0\Tyuiu.AntonovNS.Sprint0.Task5.V0.csproj", "{981B55C3-8F87-49F4-B689-2E55CA4EFDF7}"
EndProject
Project("{FAE04EC0-301F-11D3-BF4B-00C04F79EFBC}") = "Tyuiu.AntonovNS.Sprint0.Task5.V0.Lib", "Tyuiu.AntonovNS.Sprint0.Task5.V0.Lib\Tyuiu.AntonovNS.Sprint0.Task5.V0.Lib.csproj", "{56A637F0-FE3C-4386-9145-258D2A725FC6}"
EndProject
Project("{FAE04EC0-301F-11D3-BF4B-00C04F79EFBC}") = "Tyuiu.AntonovNS.Sprint0.Task5.V0.Test", "Tyuiu.AntonovNS.Sprint0.Task5.V0.Test\Tyuiu.AntonovNS.Sprint0.Task5.V0.Test.csproj", "{5B49D536-8F08-4FB4-B2E7-F10C55D466DF}"
EndProject
Project("{2150E333-8FDC-42A3-9474-1A3956D46DE8}") = "Task6", "Task6", "{6DAB37CF-34D3-4A09-8254-13E7D2661296}"
EndProject
Project("{FAE04EC0-301F-11D3-BF4B-00C04F79EFBC}") = "Tyuiu.AntonovNS.Sprint0.Task6.V0", "Tyuiu.AntonovNS.Sprint0.Task6.V0\Tyuiu.AntonovNS.Sprint0.Task6.V0.csproj", "{F960F863-0DEE-4E1A-BA79-BDBE6C90355A}"
EndProject
Project("{FAE04EC0-301F-11D3-BF4B-00C04F79EFBC}") = "Tyuiu.AntonovNS.Sprint0.Task6.V0.Test", "Tyuiu.AntonovNS.Sprint0.Task6.V0.Test\Tyuiu.AntonovNS.Sprint0.Task6.V0.Test.csproj", "{82A1D813-0E4C-4FD4-96C8-1A6DCDE606D1}"
EndProject
Project("{FAE04EC0-301F-11D3-BF4B-00C04F79EFBC}") = "Tyuiu.AntonovNS.Sprint0.Task6.V0.Lib", "Tyuiu.AntonovNS.Sprint0.Task6.V0.Lib\Tyuiu.AntonovNS.Sprint0.Task6.V0.Lib.csproj", "{81490A8F-B964-455D-9855-4F40FAD20B78}"
EndProject
Project("{2150E333-8FDC-42A3-9474-1A3956D46DE8}") = "Task7", "Task7", "{4106759B-91CD-42A7-8E41-BC7379A6C585}"
EndProject
Project("{FAE04EC0-301F-11D3-BF4B-00C04F79EFBC}") = "Tyuiu.AntonovNS.Sprint0.Task7.V0", "Tyuiu.AntonovNS.Sprint0.Task7.V0\Tyuiu.AntonovNS.Sprint0.Task7.V0.csproj", "{7057DBE4-BB53-45F7-B9A0-6D04736B698A}"
EndProject
Project("{FAE04EC0-301F-11D3-BF4B-00C04F79EFBC}") = "Tyuiu.AntonovNS.Sprint0.Task7.V0.Test", "Tyuiu.AntonovNS.Sprint0.Task7.V0.Test\Tyuiu.AntonovNS.Sprint0.Task7.V0.Test.csproj", "{C8384459-F2B1-47F0-ADD5-8FA8E8844F16}"
EndProject
Project("{FAE04EC0-301F-11D3-BF4B-00C04F79EFBC}") = "Tyuiu.AntonovNS.Sprint0.Task7.V0.Lib", "Tyuiu.AntonovNS.Sprint0.Task7.V0.Lib\Tyuiu.AntonovNS.Sprint0.Task7.V0.Lib.csproj", "{E4B65B24-5B31-4A78-B689-D57CCCC903FF}"
EndProject
Global
	GlobalSection(SolutionConfigurationPlatforms) = preSolution
		Debug|Any CPU = Debug|Any CPU
		Release|Any CPU = Release|Any CPU
	EndGlobalSection
	GlobalSection(ProjectConfigurationPlatforms) = postSolution
		{DDA62C61-7ADF-4C91-BED5-13A25767D800}.Debug|Any CPU.ActiveCfg = Debug|Any CPU
		{DDA62C61-7ADF-4C91-BED5-13A25767D800}.Debug|Any CPU.Build.0 = Debug|Any CPU
		{DDA62C61-7ADF-4C91-BED5-13A25767D800}.Release|Any CPU.ActiveCfg = Release|Any CPU
		{DDA62C61-7ADF-4C91-BED5-13A25767D800}.Release|Any CPU.Build.0 = Release|Any CPU
		{86043B54-C0C1-4FA7-BA11-3F3548402D1C}.Debug|Any CPU.ActiveCfg = Debug|Any CPU
		{86043B54-C0C1-4FA7-BA11-3F3548402D1C}.Debug|Any CPU.Build.0 = Debug|Any CPU
		{86043B54-C0C1-4FA7-BA11-3F3548402D1C}.Release|Any CPU.ActiveCfg = Release|Any CPU
		{86043B54-C0C1-4FA7-BA11-3F3548402D1C}.Release|Any CPU.Build.0 = Release|Any CPU
		{B4CC734D-5922-48F0-BAD4-BE79E6854819}.Debug|Any CPU.ActiveCfg = Debug|Any CPU
		{B4CC734D-5922-48F0-BAD4-BE79E6854819}.Debug|Any CPU.Build.0 = Debug|Any CPU
		{B4CC734D-5922-48F0-BAD4-BE79E6854819}.Release|Any CPU.ActiveCfg = Release|Any CPU
		{B4CC734D-5922-48F0-BAD4-BE79E6854819}.Release|Any CPU.Build.0 = Release|Any CPU
		{11F34B04-2CF9-486E-BA64-715EE46DFD7D}.Debug|Any CPU.ActiveCfg = Debug|Any CPU
		{11F34B04-2CF9-486E-BA64-715EE46DFD7D}.Debug|Any CPU.Build.0 = Debug|Any CPU
		{11F34B04-2CF9-486E-BA64-715EE46DFD7D}.Release|Any CPU.ActiveCfg = Release|Any CPU
		{11F34B04-2CF9-486E-BA64-715EE46DFD7D}.Release|Any CPU.Build.0 = Release|Any CPU
		{703B8670-E59E-421C-BD14-4EE084FD4CCA}.Debug|Any CPU.ActiveCfg = Debug|Any CPU
		{703B8670-E59E-421C-BD14-4EE084FD4CCA}.Debug|Any CPU.Build.0 = Debug|Any CPU
		{703B8670-E59E-421C-BD14-4EE084FD4CCA}.Release|Any CPU.ActiveCfg = Release|Any CPU
		{703B8670-E59E-421C-BD14-4EE084FD4CCA}.Release|Any CPU.Build.0 = Release|Any CPU
		{7C0A824F-33E0-4EAA-B02A-38AADFB0E5E6}.Debug|Any CPU.ActiveCfg = Debug|Any CPU
		{7C0A824F-33E0-4EAA-B02A-38AADFB0E5E6}.Debug|Any CPU.Build.0 = Debug|Any CPU
		{7C0A824F-33E0-4EAA-B02A-38AADFB0E5E6}.Release|Any CPU.ActiveCfg = Release|Any CPU
		{7C0A824F-33E0-4EAA-B02A-38AADFB0E5E6}.Release|Any CPU.Build.0 = Release|Any CPU
		{0AECA5BE-596E-4550-A32E-01366914D360}.Debug|Any CPU.ActiveCfg = Debug|Any CPU
		{0AECA5BE-596E-4550-A32E-01366914D360}.Debug|Any CPU.Build.0 = Debug|Any CPU
		{0AECA5BE-596E-4550-A32E-01366914D360}.Release|Any CPU.ActiveCfg = Release|Any CPU
		{0AECA5BE-596E-4550-A32E-01366914D360}.Release|Any CPU.Build.0 = Release|Any CPU
		{49757586-1685-49E2-8878-47020BFA7E4B}.Debug|Any CPU.ActiveCfg = Debug|Any CPU
		{49757586-1685-49E2-8878-47020BFA7E4B}.Debug|Any CPU.Build.0 = Debug|Any CPU
		{49757586-1685-49E2-8878-47020BFA7E4B}.Release|Any CPU.ActiveCfg = Release|Any CPU
		{49757586-1685-49E2-8878-47020BFA7E4B}.Release|Any CPU.Build.0 = Release|Any CPU
		{69B89D79-2CB9-441D-93D2-D26008ED87C3}.Debug|Any CPU.ActiveCfg = Debug|Any CPU
		{69B89D79-2CB9-441D-93D2-D26008ED87C3}.Debug|Any CPU.Build.0 = Debug|Any CPU
		{69B89D79-2CB9-441D-93D2-D26008ED87C3}.Release|Any CPU.ActiveCfg = Release|Any CPU
		{69B89D79-2CB9-441D-93D2-D26008ED87C3}.Release|Any CPU.Build.0 = Release|Any CPU
		{FA35CA9F-1F56-4036-8B24-E69633566F29}.Debug|Any CPU.ActiveCfg = Debug|Any CPU
		{FA35CA9F-1F56-4036-8B24-E69633566F29}.Debug|Any CPU.Build.0 = Debug|Any CPU
		{FA35CA9F-1F56-4036-8B24-E69633566F29}.Release|Any CPU.ActiveCfg = Release|Any CPU
		{FA35CA9F-1F56-4036-8B24-E69633566F29}.Release|Any CPU.Build.0 = Release|Any CPU
		{7C04A7A6-3D6A-416C-8B43-41C9A0DC5991}.Debug|Any CPU.ActiveCfg = Debug|Any CPU
		{7C04A7A6-3D6A-416C-8B43-41C9A0DC5991}.Debug|Any CPU.Build.0 = Debug|Any CPU
		{7C04A7A6-3D6A-416C-8B43-41C9A0DC5991}.Release|Any CPU.ActiveCfg = Release|Any CPU
		{7C04A7A6-3D6A-416C-8B43-41C9A0DC5991}.Release|Any CPU.Build.0 = Release|Any CPU
		{981B55C3-8F87-49F4-B689-2E55CA4EFDF7}.Debug|Any CPU.ActiveCfg = Debug|Any CPU
		{981B55C3-8F87-49F4-B689-2E55CA4EFDF7}.Debug|Any CPU.Build.0 = Debug|Any CPU
		{981B55C3-8F87-49F4-B689-2E55CA4EFDF7}.Release|Any CPU.ActiveCfg = Release|Any CPU
		{981B55C3-8F87-49F4-B689-2E55CA4EFDF7}.Release|Any CPU.Build.0 = Release|Any CPU
		{56A637F0-FE3C-4386-9145-258D2A725FC6}.Debug|Any CPU.ActiveCfg = Debug|Any CPU
		{56A637F0-FE3C-4386-9145-258D2A725FC6}.Debug|Any CPU.Build.0 = Debug|Any CPU
		{56A637F0-FE3C-4386-9145-258D2A725FC6}.Release|Any CPU.ActiveCfg = Release|Any CPU
		{56A637F0-FE3C-4386-9145-258D2A725FC6}.Release|Any CPU.Build.0 = Release|Any CPU
		{5B49D536-8F08-4FB4-B2E7-F10C55D466DF}.Debug|Any CPU.ActiveCfg = Debug|Any CPU
		{5B49D536-8F08-4FB4-B2E7-F10C55D466DF}.Debug|Any CPU.Build.0 = Debug|Any CPU
		{5B49D536-8F08-4FB4-B2E7-F10C55D466DF}.Release|Any CPU.ActiveCfg = Release|Any CPU
		{5B49D536-8F08-4FB4-B2E7-F10C55D466DF}.Release|Any CPU.Build.0 = Release|Any CPU
		{F960F863-0DEE-4E1A-BA79-BDBE6C90355A}.Debug|Any CPU.ActiveCfg = Debug|Any CPU
		{F960F863-0DEE-4E1A-BA79-BDBE6C90355A}.Debug|Any CPU.Build.0 = Debug|Any CPU
		{F960F863-0DEE-4E1A-BA79-BDBE6C90355A}.Release|Any CPU.ActiveCfg = Release|Any CPU
		{F960F863-0DEE-4E1A-BA79-BDBE6C90355A}.Release|Any CPU.Build.0 = Release|Any CPU
		{82A1D813-0E4C-4FD4-96C8-1A6DCDE606D1}.Debug|Any CPU.ActiveCfg = Debug|Any CPU
		{82A1D813-0E4C-4FD4-96C8-1A6DCDE606D1}.Debug|Any CPU.Build.0 = Debug|Any CPU
		{82A1D813-0E4C-4FD4-96C8-1A6DCDE606D1}.Release|Any CPU.ActiveCfg = Release|Any CPU
		{82A1D813-0E4C-4FD4-96C8-1A6DCDE606D1}.Release|Any CPU.Build.0 = Release|Any CPU
		{81490A8F-B964-455D-9855-4F40FAD20B78}.Debug|Any CPU.ActiveCfg = Debug|Any CPU
		{81490A8F-B964-455D-9855-4F40FAD20B78}.Debug|Any CPU.Build.0 = Debug|Any CPU
		{81490A8F-B964-455D-9855-4F40FAD20B78}.Release|Any CPU.ActiveCfg = Release|Any CPU
		{81490A8F-B964-455D-9855-4F40FAD20B78}.Release|Any CPU.Build.0 = Release|Any CPU
		{7057DBE4-BB53-45F7-B9A0-6D04736B698A}.Debug|Any CPU.ActiveCfg = Debug|Any CPU
		{7057DBE4-BB53-45F7-B9A0-6D04736B698A}.Debug|Any CPU.Build.0 = Debug|Any CPU
		{7057DBE4-BB53-45F7-B9A0-6D04736B698A}.Release|Any CPU.ActiveCfg = Release|Any CPU
		{7057DBE4-BB53-45F7-B9A0-6D04736B698A}.Release|Any CPU.Build.0 = Release|Any CPU
		{C8384459-F2B1-47F0-ADD5-8FA8E8844F16}.Debug|Any CPU.ActiveCfg = Debug|Any CPU
		{C8384459-F2B1-47F0-ADD5-8FA8E8844F16}.Debug|Any CPU.Build.0 = Debug|Any CPU
		{C8384459-F2B1-47F0-ADD5-8FA8E8844F16}.Release|Any CPU.ActiveCfg = Release|Any CPU
		{C8384459-F2B1-47F0-ADD5-8FA8E8844F16}.Release|Any CPU.Build.0 = Release|Any CPU
		{E4B65B24-5B31-4A78-B689-D57CCCC903FF}.Debug|Any CPU.ActiveCfg = Debug|Any CPU
		{E4B65B24-5B31-4A78-B689-D57CCCC903FF}.Debug|Any CPU.Build.0 = Debug|Any CPU
		{E4B65B24-5B31-4A78-B689-D57CCCC903FF}.Release|Any CPU.ActiveCfg = Release|Any CPU
		{E4B65B24-5B31-4A78-B689-D57CCCC903FF}.Release|Any CPU.Build.0 = Release|Any CPU
	EndGlobalSection
	GlobalSection(SolutionProperties) = preSolution
		HideSolutionNode = FALSE
	EndGlobalSection
	GlobalSection(NestedProjects) = preSolution
		{DDA62C61-7ADF-4C91-BED5-13A25767D800} = {C4D0F6E5-1817-4617-9A99-703E08DF6F1A}
		{86043B54-C0C1-4FA7-BA11-3F3548402D1C} = {F18EC87E-FBFD-451D-B3DD-D7897863E8DF}
		{B4CC734D-5922-48F0-BAD4-BE79E6854819} = {BB016560-1E28-4175-98A5-5E574C1041A7}
		{11F34B04-2CF9-486E-BA64-715EE46DFD7D} = {BB016560-1E28-4175-98A5-5E574C1041A7}
		{703B8670-E59E-421C-BD14-4EE084FD4CCA} = {BB016560-1E28-4175-98A5-5E574C1041A7}
		{7C0A824F-33E0-4EAA-B02A-38AADFB0E5E6} = {83CE0A66-4EF2-49EB-9389-CCFFDA80E0DD}
		{0AECA5BE-596E-4550-A32E-01366914D360} = {83CE0A66-4EF2-49EB-9389-CCFFDA80E0DD}
		{49757586-1685-49E2-8878-47020BFA7E4B} = {83CE0A66-4EF2-49EB-9389-CCFFDA80E0DD}
		{69B89D79-2CB9-441D-93D2-D26008ED87C3} = {75B68F5C-2196-4B9C-BBBD-20890C3D3153}
		{FA35CA9F-1F56-4036-8B24-E69633566F29} = {75B68F5C-2196-4B9C-BBBD-20890C3D3153}
		{7C04A7A6-3D6A-416C-8B43-41C9A0DC5991} = {75B68F5C-2196-4B9C-BBBD-20890C3D3153}
		{981B55C3-8F87-49F4-B689-2E55CA4EFDF7} = {07892F99-E3A4-4ADF-A495-64CD57DC6175}
		{56A637F0-FE3C-4386-9145-258D2A725FC6} = {07892F99-E3A4-4ADF-A495-64CD57DC6175}
		{5B49D536-8F08-4FB4-B2E7-F10C55D466DF} = {07892F99-E3A4-4ADF-A495-64CD57DC6175}
		{F960F863-0DEE-4E1A-BA79-BDBE6C90355A} = {6DAB37CF-34D3-4A09-8254-13E7D2661296}
		{82A1D813-0E4C-4FD4-96C8-1A6DCDE606D1} = {6DAB37CF-34D3-4A09-8254-13E7D2661296}
		{81490A8F-B964-455D-9855-4F40FAD20B78} = {6DAB37CF-34D3-4A09-8254-13E7D2661296}
		{7057DBE4-BB53-45F7-B9A0-6D04736B698A} = {4106759B-91CD-42A7-8E41-BC7379A6C585}
		{C8384459-F2B1-47F0-ADD5-8FA8E8844F16} = {4106759B-91CD-42A7-8E41-BC7379A6C585}
		{E4B65B24-5B31-4A78-B689-D57CCCC903FF} = {4106759B-91CD-42A7-8E41-BC7379A6C585}
	EndGlobalSection
	GlobalSection(ExtensibilityGlobals) = postSolution
		SolutionGuid = {B12DC409-3956-4E4F-A05D-B308A2C56AC1}
	EndGlobalSection
EndGlobal
